{
  "name": "project-three-prebuild",
  "version": "1.0.0",
  "lockfileVersion": 3,
  "requires": true,
  "packages": {
    "": {
      "name": "project-three-prebuild",
      "version": "1.0.0",
      "hasInstallScript": true,
      "license": "ISC",
      "dependencies": {
        "concurrency": "^0.1.4"
      }
    },
    "node_modules/concurrency": {
      "version": "0.1.4",
      "resolved": "https://registry.npmjs.org/concurrency/-/concurrency-0.1.4.tgz",
      "integrity": "sha512-uwS/Z8zsvOUnIfTiMM5kV5N5JnsrR1fpt5thlg723jELkoORXmFs+BJHOaCn9OTGpCVkfG3vqiLGBPHiBXxKaA=="
    }
  }
}
